
Microsoft Visual Studio Solution File, Format Version 12.00
# Visual Studio Version 18
VisualStudioVersion = 18.5.11716.220 stable
MinimumVisualStudioVersion = 10.0.40219.1
Project("{FAE04EC0-301F-11D3-BF4B-00C04F79EFBC}") = "HiddenTerrain", "HiddenTerrain.csproj", "{9BAF66E8-1078-7E91-392B-09FC37C45B54}"
EndProject
Global
	GlobalSection(SolutionConfigurationPlatforms) = preSolution
		Debug|Any CPU = Debug|Any CPU
		Release|Any CPU = Release|Any CPU
	EndGlobalSection
	GlobalSection(ProjectConfigurationPlatforms) = postSolution
		{9BAF66E8-1078-7E91-392B-09FC37C45B54}.Debug|Any CPU.ActiveCfg = Debug|Any CPU
		{9BAF66E8-1078-7E91-392B-09FC37C45B54}.Debug|Any CPU.Build.0 = Debug|Any CPU
		{9BAF66E8-1078-7E91-392B-09FC37C45B54}.Release|Any CPU.ActiveCfg = Release|Any CPU
		{9BAF66E8-1078-7E91-392B-09FC37C45B54}.Release|Any CPU.Build.0 = Release|Any CPU
	EndGlobalSection
	GlobalSection(SolutionProperties) = preSolution
		HideSolutionNode = FALSE
	EndGlobalSection
	GlobalSection(ExtensibilityGlobals) = postSolution
		SolutionGuid = {D2E999CD-CBD0-4C30-A766-A647B97ED04E}
	EndGlobalSection
EndGlobal
